
Microsoft Visual Studio Solution File, Format Version 12.00
# Visual Studio Version 17
VisualStudioVersion = 17.3.32804.467
MinimumVisualStudioVersion = 10.0.40219.1
Project("{8BC9CEB8-8B4A-11D0-8D11-00A0C91BC942}") = "Practica 3", "Practica 3\Practica 3.vcxproj", "{745ECE05-75CB-43F3-A378-B96445761F9F}"
EndProject
Global
	GlobalSection(SolutionConfigurationPlatforms) = preSolution
		Debug|x64 = Debug|x64
		Release|x64 = Release|x64
	EndGlobalSection
	GlobalSection(ProjectConfigurationPlatforms) = postSolution
		{745ECE05-75CB-43F3-A378-B96445761F9F}.Debug|x64.ActiveCfg = Debug|x64
		{745ECE05-75CB-43F3-A378-B96445761F9F}.Debug|x64.Build.0 = Debug|x64
		{745ECE05-75CB-43F3-A378-B96445761F9F}.Release|x64.ActiveCfg = Release|x64
		{745ECE05-75CB-43F3-A378-B96445761F9F}.Release|x64.Build.0 = Release|x64
	EndGlobalSection
	GlobalSection(SolutionProperties) = preSolution
		HideSolutionNode = FALSE
	EndGlobalSection
	GlobalSection(ExtensibilityGlobals) = postSolution
		SolutionGuid = {DE8F8BDA-11B4-40CF-8D84-B2B9F1E48DB5}
	EndGlobalSection
EndGlobal
