
Microsoft Visual Studio Solution File, Format Version 12.00
# Visual Studio Version 17
VisualStudioVersion = 17.3.32804.467
MinimumVisualStudioVersion = 10.0.40219.1
Project("{8BC9CEB8-8B4A-11D0-8D11-00A0C91BC942}") = "Practica1", "Practica1\Practica1.vcxproj", "{30FC887C-1B4B-4EBE-9576-1726DDCA4F3A}"
EndProject
Global
	GlobalSection(SolutionConfigurationPlatforms) = preSolution
		Debug|x64 = Debug|x64
		Release|x64 = Release|x64
	EndGlobalSection
	GlobalSection(ProjectConfigurationPlatforms) = postSolution
		{30FC887C-1B4B-4EBE-9576-1726DDCA4F3A}.Debug|x64.ActiveCfg = Debug|x64
		{30FC887C-1B4B-4EBE-9576-1726DDCA4F3A}.Debug|x64.Build.0 = Debug|x64
		{30FC887C-1B4B-4EBE-9576-1726DDCA4F3A}.Release|x64.ActiveCfg = Release|x64
		{30FC887C-1B4B-4EBE-9576-1726DDCA4F3A}.Release|x64.Build.0 = Release|x64
	EndGlobalSection
	GlobalSection(SolutionProperties) = preSolution
		HideSolutionNode = FALSE
	EndGlobalSection
	GlobalSection(ExtensibilityGlobals) = postSolution
		SolutionGuid = {7B2E7E28-E7D6-4D66-A395-A18E417F7068}
	EndGlobalSection
EndGlobal
